
Microsoft Visual Studio Solution File, Format Version 12.00
# Visual Studio Version 16
VisualStudioVersion = 16.0.30225.117
MinimumVisualStudioVersion = 10.0.40219.1
Project("{A07B5EB6-E848-4116-A8D0-A826331D98C6}") = "ASFECommerce", "ASFECommerce\ASFECommerce.sfproj", "{581B77EE-C084-475F-A011-71D8E564BD3A}"
EndProject
Project("{FAE04EC0-301F-11D3-BF4B-00C04F79EFBC}") = "ECommerce.ProductCatalog", "ECommerce.ProductCatalog\ECommerce.ProductCatalog.csproj", "{8E8672C2-595D-4AD1-9F98-594B8BF396A7}"
EndProject
Project("{FAE04EC0-301F-11D3-BF4B-00C04F79EFBC}") = "ECommerce.ProductCatalog.Model", "ECommerce.ProductCatalog.Model\ECommerce.ProductCatalog.Model.csproj", "{4458FDB4-664C-4DFB-89FF-BA7F14E8B633}"
EndProject
Global
	GlobalSection(SolutionConfigurationPlatforms) = preSolution
		Debug|Any CPU = Debug|Any CPU
		Debug|x64 = Debug|x64
		Release|Any CPU = Release|Any CPU
		Release|x64 = Release|x64
	EndGlobalSection
	GlobalSection(ProjectConfigurationPlatforms) = postSolution
		{581B77EE-C084-475F-A011-71D8E564BD3A}.Debug|Any CPU.ActiveCfg = Debug|x64
		{581B77EE-C084-475F-A011-71D8E564BD3A}.Debug|x64.ActiveCfg = Debug|x64
		{581B77EE-C084-475F-A011-71D8E564BD3A}.Debug|x64.Build.0 = Debug|x64
		{581B77EE-C084-475F-A011-71D8E564BD3A}.Debug|x64.Deploy.0 = Debug|x64
		{581B77EE-C084-475F-A011-71D8E564BD3A}.Release|Any CPU.ActiveCfg = Release|x64
		{581B77EE-C084-475F-A011-71D8E564BD3A}.Release|x64.ActiveCfg = Release|x64
		{581B77EE-C084-475F-A011-71D8E564BD3A}.Release|x64.Build.0 = Release|x64
		{581B77EE-C084-475F-A011-71D8E564BD3A}.Release|x64.Deploy.0 = Release|x64
		{8E8672C2-595D-4AD1-9F98-594B8BF396A7}.Debug|Any CPU.ActiveCfg = Debug|Any CPU
		{8E8672C2-595D-4AD1-9F98-594B8BF396A7}.Debug|Any CPU.Build.0 = Debug|Any CPU
		{8E8672C2-595D-4AD1-9F98-594B8BF396A7}.Debug|x64.ActiveCfg = Debug|Any CPU
		{8E8672C2-595D-4AD1-9F98-594B8BF396A7}.Debug|x64.Build.0 = Debug|Any CPU
		{8E8672C2-595D-4AD1-9F98-594B8BF396A7}.Release|Any CPU.ActiveCfg = Release|Any CPU
		{8E8672C2-595D-4AD1-9F98-594B8BF396A7}.Release|Any CPU.Build.0 = Release|Any CPU
		{8E8672C2-595D-4AD1-9F98-594B8BF396A7}.Release|x64.ActiveCfg = Release|Any CPU
		{8E8672C2-595D-4AD1-9F98-594B8BF396A7}.Release|x64.Build.0 = Release|Any CPU
		{4458FDB4-664C-4DFB-89FF-BA7F14E8B633}.Debug|Any CPU.ActiveCfg = Debug|Any CPU
		{4458FDB4-664C-4DFB-89FF-BA7F14E8B633}.Debug|Any CPU.Build.0 = Debug|Any CPU
		{4458FDB4-664C-4DFB-89FF-BA7F14E8B633}.Debug|x64.ActiveCfg = Debug|Any CPU
		{4458FDB4-664C-4DFB-89FF-BA7F14E8B633}.Debug|x64.Build.0 = Debug|Any CPU
		{4458FDB4-664C-4DFB-89FF-BA7F14E8B633}.Release|Any CPU.ActiveCfg = Release|Any CPU
		{4458FDB4-664C-4DFB-89FF-BA7F14E8B633}.Release|Any CPU.Build.0 = Release|Any CPU
		{4458FDB4-664C-4DFB-89FF-BA7F14E8B633}.Release|x64.ActiveCfg = Release|Any CPU
		{4458FDB4-664C-4DFB-89FF-BA7F14E8B633}.Release|x64.Build.0 = Release|Any CPU
	EndGlobalSection
	GlobalSection(SolutionProperties) = preSolution
		HideSolutionNode = FALSE
	EndGlobalSection
	GlobalSection(ExtensibilityGlobals) = postSolution
		SolutionGuid = {7160E59B-1CE5-455C-8053-334BF63ACB78}
	EndGlobalSection
EndGlobal
